
Microsoft Visual Studio Solution File, Format Version 12.00
# Visual Studio Version 17
VisualStudioVersion = 17.9.34723.18
MinimumVisualStudioVersion = 10.0.40219.1
Project("{FAE04EC0-301F-11D3-BF4B-00C04F79EFBC}") = "AgendamientoCitasMedicas", "AgendamientoCitasMedicas\AgendamientoCitasMedicas.csproj", "{6891B500-7A0A-4C66-9920-B2DACB2C977C}"
EndProject
Global
	GlobalSection(SolutionConfigurationPlatforms) = preSolution
		Debug|Any CPU = Debug|Any CPU
		Release|Any CPU = Release|Any CPU
	EndGlobalSection
	GlobalSection(ProjectConfigurationPlatforms) = postSolution
		{6891B500-7A0A-4C66-9920-B2DACB2C977C}.Debug|Any CPU.ActiveCfg = Debug|Any CPU
		{6891B500-7A0A-4C66-9920-B2DACB2C977C}.Debug|Any CPU.Build.0 = Debug|Any CPU
		{6891B500-7A0A-4C66-9920-B2DACB2C977C}.Release|Any CPU.ActiveCfg = Release|Any CPU
		{6891B500-7A0A-4C66-9920-B2DACB2C977C}.Release|Any CPU.Build.0 = Release|Any CPU
	EndGlobalSection
	GlobalSection(SolutionProperties) = preSolution
		HideSolutionNode = FALSE
	EndGlobalSection
	GlobalSection(ExtensibilityGlobals) = postSolution
		SolutionGuid = {6485201A-7D82-4929-9A1C-57D263042017}
	EndGlobalSection
EndGlobal
